
Microsoft Visual Studio Solution File, Format Version 12.00
# Visual Studio Version 16
VisualStudioVersion = 16.0.30611.23
MinimumVisualStudioVersion = 10.0.40219.1
Project("{FAE04EC0-301F-11D3-BF4B-00C04F79EFBC}") = "FirstOutlookAddIn", "FirstOutlookAddIn\FirstOutlookAddIn.csproj", "{70D9EB91-522A-4691-929B-F9CE392A7C9B}"
EndProject
Global
	GlobalSection(SolutionConfigurationPlatforms) = preSolution
		Debug|Any CPU = Debug|Any CPU
		Release|Any CPU = Release|Any CPU
	EndGlobalSection
	GlobalSection(ProjectConfigurationPlatforms) = postSolution
		{70D9EB91-522A-4691-929B-F9CE392A7C9B}.Debug|Any CPU.ActiveCfg = Debug|Any CPU
		{70D9EB91-522A-4691-929B-F9CE392A7C9B}.Debug|Any CPU.Build.0 = Debug|Any CPU
		{70D9EB91-522A-4691-929B-F9CE392A7C9B}.Release|Any CPU.ActiveCfg = Release|Any CPU
		{70D9EB91-522A-4691-929B-F9CE392A7C9B}.Release|Any CPU.Build.0 = Release|Any CPU
	EndGlobalSection
	GlobalSection(SolutionProperties) = preSolution
		HideSolutionNode = FALSE
	EndGlobalSection
	GlobalSection(ExtensibilityGlobals) = postSolution
		SolutionGuid = {CE09FD36-B363-4DBF-B0F4-BB7F2804789C}
	EndGlobalSection
EndGlobal
